
Microsoft Visual Studio Solution File, Format Version 12.00
# Visual Studio 15
VisualStudioVersion = 15.0.28307.572
MinimumVisualStudioVersion = 10.0.40219.1
Project("{2150E333-8FDC-42A3-9474-1A3956D46DE8}") = "BatchProcessing", "BatchProcessing", "{84D930AD-EBDB-4934-955F-136EC0BF06E9}"
EndProject
Project("{FAE04EC0-301F-11D3-BF4B-00C04F79EFBC}") = "BatchProcessing.Api", "BatchProcessing.Api\BatchProcessing.Api.csproj", "{269890B2-E5A2-4731-BB8A-9938EB743D36}"
EndProject
Project("{FAE04EC0-301F-11D3-BF4B-00C04F79EFBC}") = "BatchProcessing.ApiClient", "BatchProcessing.ApiClient\BatchProcessing.ApiClient.csproj", "{E9FEB2FD-AEE4-4035-A795-3D6D4A0F7EE7}"
EndProject
Project("{FAE04EC0-301F-11D3-BF4B-00C04F79EFBC}") = "BatchProcessing.ApiInvoker", "BatchProcessing.ApiInvoker\BatchProcessing.ApiInvoker.csproj", "{5E54F056-ED5C-4DE6-AE0D-7D99AF928461}"
EndProject
Global
	GlobalSection(SolutionConfigurationPlatforms) = preSolution
		Debug|Any CPU = Debug|Any CPU
		Release|Any CPU = Release|Any CPU
	EndGlobalSection
	GlobalSection(ProjectConfigurationPlatforms) = postSolution
		{269890B2-E5A2-4731-BB8A-9938EB743D36}.Debug|Any CPU.ActiveCfg = Debug|Any CPU
		{269890B2-E5A2-4731-BB8A-9938EB743D36}.Debug|Any CPU.Build.0 = Debug|Any CPU
		{269890B2-E5A2-4731-BB8A-9938EB743D36}.Release|Any CPU.ActiveCfg = Release|Any CPU
		{269890B2-E5A2-4731-BB8A-9938EB743D36}.Release|Any CPU.Build.0 = Release|Any CPU
		{E9FEB2FD-AEE4-4035-A795-3D6D4A0F7EE7}.Debug|Any CPU.ActiveCfg = Debug|Any CPU
		{E9FEB2FD-AEE4-4035-A795-3D6D4A0F7EE7}.Debug|Any CPU.Build.0 = Debug|Any CPU
		{E9FEB2FD-AEE4-4035-A795-3D6D4A0F7EE7}.Release|Any CPU.ActiveCfg = Release|Any CPU
		{E9FEB2FD-AEE4-4035-A795-3D6D4A0F7EE7}.Release|Any CPU.Build.0 = Release|Any CPU
		{5E54F056-ED5C-4DE6-AE0D-7D99AF928461}.Debug|Any CPU.ActiveCfg = Debug|Any CPU
		{5E54F056-ED5C-4DE6-AE0D-7D99AF928461}.Debug|Any CPU.Build.0 = Debug|Any CPU
		{5E54F056-ED5C-4DE6-AE0D-7D99AF928461}.Release|Any CPU.ActiveCfg = Release|Any CPU
		{5E54F056-ED5C-4DE6-AE0D-7D99AF928461}.Release|Any CPU.Build.0 = Release|Any CPU
	EndGlobalSection
	GlobalSection(SolutionProperties) = preSolution
		HideSolutionNode = FALSE
	EndGlobalSection
	GlobalSection(NestedProjects) = preSolution
		{269890B2-E5A2-4731-BB8A-9938EB743D36} = {84D930AD-EBDB-4934-955F-136EC0BF06E9}
		{E9FEB2FD-AEE4-4035-A795-3D6D4A0F7EE7} = {84D930AD-EBDB-4934-955F-136EC0BF06E9}
		{5E54F056-ED5C-4DE6-AE0D-7D99AF928461} = {84D930AD-EBDB-4934-955F-136EC0BF06E9}
	EndGlobalSection
	GlobalSection(ExtensibilityGlobals) = postSolution
		SolutionGuid = {8F249AF8-CF0E-485F-9EB2-9F3C66791B65}
	EndGlobalSection
EndGlobal
